{
  "requires": true,
  "lockfileVersion": 1,
  "dependencies": {
    "handlebars-intl": {
      "version": "1.1.2",
      "resolved": "https://registry.npmjs.org/handlebars-intl/-/handlebars-intl-1.1.2.tgz",
      "integrity": "sha1-U6tkHRmi1YMq1qCZF1ESSNa8ZyA=",
      "requires": {
        "intl-format-cache": "2.0.5",
        "intl-messageformat": "1.1.0",
        "intl-relativeformat": "1.1.0"
      }
    },
    "intl-format-cache": {
      "version": "2.0.5",
      "resolved": "https://registry.npmjs.org/intl-format-cache/-/intl-format-cache-2.0.5.tgz",
      "integrity": "sha1-tITO/Lk1PzdPJd44mjzuoa8Y18k="
    },
    "intl-messageformat": {
      "version": "1.1.0",
      "resolved": "https://registry.npmjs.org/intl-messageformat/-/intl-messageformat-1.1.0.tgz",
      "integrity": "sha1-9GoWjBvV4YOOy93agJoHVHJ/RCI=",
      "requires": {
        "intl-messageformat-parser": "1.1.0"
      }
    },
    "intl-messageformat-parser": {
      "version": "1.1.0",
      "resolved": "https://registry.npmjs.org/intl-messageformat-parser/-/intl-messageformat-parser-1.1.0.tgz",
      "integrity": "sha1-6O2PMIU5ab8fW+3vDpRNKxBTQJs="
    },
    "intl-relativeformat": {
      "version": "1.1.0",
      "resolved": "https://registry.npmjs.org/intl-relativeformat/-/intl-relativeformat-1.1.0.tgz",
      "integrity": "sha1-htx7iyEog94YbZ/aVrh0ASlI3yA=",
      "requires": {
        "intl-messageformat": "1.1.0"
      }
    }
  }
}
